
Microsoft Visual Studio Solution File, Format Version 12.00
# Visual Studio Version 17
VisualStudioVersion = 17.0.31903.59
MinimumVisualStudioVersion = 10.0.40219.1
Project("{2150E333-8FDC-42A3-9474-1A3956D46DE8}") = "src", "src", "{827E0CD3-B72D-47B6-A68D-7590B98EB39B}"
EndProject
Project("{FAE04EC0-301F-11D3-BF4B-00C04F79EFBC}") = "Mach.Domain", "src\Mach.Domain\Mach.Domain.csproj", "{57097D14-4B12-4B08-8D94-B46EA1D66058}"
EndProject
Project("{FAE04EC0-301F-11D3-BF4B-00C04F79EFBC}") = "Mach.Application", "src\Mach.Application\Mach.Application.csproj", "{322B1EEB-EB87-44EB-A370-3B018AE27E21}"
EndProject
Project("{FAE04EC0-301F-11D3-BF4B-00C04F79EFBC}") = "Mach.Contracts", "src\Mach.Contracts\Mach.Contracts.csproj", "{1E3BBD16-95B5-465B-BAE5-17434758DE5B}"
EndProject
Project("{FAE04EC0-301F-11D3-BF4B-00C04F79EFBC}") = "Mach.Infrastructure.Commercetools", "src\Mach.Infrastructure.Commercetools\Mach.Infrastructure.Commercetools.csproj", "{9DFB1566-4D3E-40A1-8930-D8E7C83DD0DF}"
EndProject
Project("{FAE04EC0-301F-11D3-BF4B-00C04F79EFBC}") = "Mach.Infrastructure.Contentstack", "src\Mach.Infrastructure.Contentstack\Mach.Infrastructure.Contentstack.csproj", "{CF3FD2EF-37B3-4C6A-A848-C62A3E655711}"
EndProject
Project("{FAE04EC0-301F-11D3-BF4B-00C04F79EFBC}") = "Mach.Infrastructure.Algolia", "src\Mach.Infrastructure.Algolia\Mach.Infrastructure.Algolia.csproj", "{2A998D2F-BA16-4752-B7D4-29FD81504B50}"
EndProject
Project("{FAE04EC0-301F-11D3-BF4B-00C04F79EFBC}") = "Mach.Infrastructure.Adyen", "src\Mach.Infrastructure.Adyen\Mach.Infrastructure.Adyen.csproj", "{CB9148CA-0A5F-41EF-AB80-05AB6511ED8A}"
EndProject
Project("{FAE04EC0-301F-11D3-BF4B-00C04F79EFBC}") = "Mach.Infrastructure.Email", "src\Mach.Infrastructure.Email\Mach.Infrastructure.Email.csproj", "{58EAB2D8-53CC-4B7D-963E-38A513CBAAC8}"
EndProject
Project("{FAE04EC0-301F-11D3-BF4B-00C04F79EFBC}") = "Mach.Infrastructure.Maps", "src\Mach.Infrastructure.Maps\Mach.Infrastructure.Maps.csproj", "{231DEB1E-57AD-47EA-89D1-79BF48C2D4F4}"
EndProject
Project("{FAE04EC0-301F-11D3-BF4B-00C04F79EFBC}") = "Mach.Infrastructure.Messaging", "src\Mach.Infrastructure.Messaging\Mach.Infrastructure.Messaging.csproj", "{CD765E2E-11A9-4C7D-9743-59C2CD1B0B24}"
EndProject
Project("{FAE04EC0-301F-11D3-BF4B-00C04F79EFBC}") = "Mach.Persistence", "src\Mach.Persistence\Mach.Persistence.csproj", "{FED0D468-D490-48C5-B95A-E6FA82ECB8CA}"
EndProject
Project("{FAE04EC0-301F-11D3-BF4B-00C04F79EFBC}") = "Mach.ServiceDefaults", "src\Mach.ServiceDefaults\Mach.ServiceDefaults.csproj", "{6E4DB168-A4BB-4FC6-A2A3-0E07B5E7D1B3}"
EndProject
Project("{FAE04EC0-301F-11D3-BF4B-00C04F79EFBC}") = "Mach.Auth.Functions", "src\Mach.Auth.Functions\Mach.Auth.Functions.csproj", "{A01D4144-008C-46BB-A6D2-28779C59CC18}"
EndProject
Project("{FAE04EC0-301F-11D3-BF4B-00C04F79EFBC}") = "Mach.Bff.Functions", "src\Mach.Bff.Functions\Mach.Bff.Functions.csproj", "{05366CD6-19E3-48DE-B3E6-A6B83CDBE191}"
EndProject
Project("{FAE04EC0-301F-11D3-BF4B-00C04F79EFBC}") = "Mach.Webhooks.Functions", "src\Mach.Webhooks.Functions\Mach.Webhooks.Functions.csproj", "{F6ADB312-914F-48C0-A097-57757B858E99}"
EndProject
Project("{FAE04EC0-301F-11D3-BF4B-00C04F79EFBC}") = "Mach.Projection.Functions", "src\Mach.Projection.Functions\Mach.Projection.Functions.csproj", "{832FF076-AC32-4EEB-AA05-236230D03EFD}"
EndProject
Project("{FAE04EC0-301F-11D3-BF4B-00C04F79EFBC}") = "Mach.Indexer.Functions", "src\Mach.Indexer.Functions\Mach.Indexer.Functions.csproj", "{CA675789-DAFE-457E-A81A-631F8005C3EE}"
EndProject
Project("{FAE04EC0-301F-11D3-BF4B-00C04F79EFBC}") = "Mach.Notifications.Functions", "src\Mach.Notifications.Functions\Mach.Notifications.Functions.csproj", "{4392694A-1C26-4EAB-9331-7CAD9978391B}"
EndProject
Project("{FAE04EC0-301F-11D3-BF4B-00C04F79EFBC}") = "Mach.Outbox.Functions", "src\Mach.Outbox.Functions\Mach.Outbox.Functions.csproj", "{C1ABD8CE-D2DF-4218-951B-B8C62DF764E4}"
EndProject
Project("{2150E333-8FDC-42A3-9474-1A3956D46DE8}") = "tests", "tests", "{0AB3BF05-4346-4AA6-1389-037BE0695223}"
EndProject
Project("{FAE04EC0-301F-11D3-BF4B-00C04F79EFBC}") = "Mach.Domain.Tests", "tests\Mach.Domain.Tests\Mach.Domain.Tests.csproj", "{30736C9A-9A84-4ACF-A9EB-7BEE9BA1E60B}"
EndProject
Project("{FAE04EC0-301F-11D3-BF4B-00C04F79EFBC}") = "Mach.Application.Tests", "tests\Mach.Application.Tests\Mach.Application.Tests.csproj", "{FC5C023D-10B4-4094-86A6-328E37265AC6}"
EndProject
Project("{FAE04EC0-301F-11D3-BF4B-00C04F79EFBC}") = "Mach.Architecture.Tests", "tests\Mach.Architecture.Tests\Mach.Architecture.Tests.csproj", "{ECB8D2CD-2683-42DF-BD2B-7EA8FA642543}"
EndProject
Project("{FAE04EC0-301F-11D3-BF4B-00C04F79EFBC}") = "Mach.Persistence.Tests", "tests\Mach.Persistence.Tests\Mach.Persistence.Tests.csproj", "{72F571A9-5688-4C7C-81F0-E2063A71110F}"
EndProject
Project("{FAE04EC0-301F-11D3-BF4B-00C04F79EFBC}") = "Mach.Infrastructure.Commercetools.Tests", "tests\Mach.Infrastructure.Commercetools.Tests\Mach.Infrastructure.Commercetools.Tests.csproj", "{714B288C-06B0-43EF-BB22-3D147A299369}"
EndProject
Project("{FAE04EC0-301F-11D3-BF4B-00C04F79EFBC}") = "Mach.Infrastructure.Algolia.Tests", "tests\Mach.Infrastructure.Algolia.Tests\Mach.Infrastructure.Algolia.Tests.csproj", "{4E30DF0F-6347-473B-AD65-ED586FED4ECC}"
EndProject
Project("{FAE04EC0-301F-11D3-BF4B-00C04F79EFBC}") = "Mach.Infrastructure.Contentstack.Tests", "tests\Mach.Infrastructure.Contentstack.Tests\Mach.Infrastructure.Contentstack.Tests.csproj", "{98E83531-2617-4C3A-BD6D-6853551303AC}"
EndProject
Project("{FAE04EC0-301F-11D3-BF4B-00C04F79EFBC}") = "Mach.Infrastructure.Adyen.Tests", "tests\Mach.Infrastructure.Adyen.Tests\Mach.Infrastructure.Adyen.Tests.csproj", "{0563441D-1F66-401E-A809-BE615596583E}"
EndProject
Project("{FAE04EC0-301F-11D3-BF4B-00C04F79EFBC}") = "Mach.Infrastructure.Email.Tests", "tests\Mach.Infrastructure.Email.Tests\Mach.Infrastructure.Email.Tests.csproj", "{C05A89C3-3ECA-409F-A4BF-CA3B9A6352AF}"
EndProject
Project("{FAE04EC0-301F-11D3-BF4B-00C04F79EFBC}") = "Mach.Infrastructure.Maps.Tests", "tests\Mach.Infrastructure.Maps.Tests\Mach.Infrastructure.Maps.Tests.csproj", "{38CB3D87-4B03-4C48-8290-EE764D6B3DE7}"
EndProject
Project("{FAE04EC0-301F-11D3-BF4B-00C04F79EFBC}") = "Mach.Infrastructure.Messaging.Tests", "tests\Mach.Infrastructure.Messaging.Tests\Mach.Infrastructure.Messaging.Tests.csproj", "{34DB4606-DD49-43FF-B81E-FC04550E8831}"
EndProject
Project("{FAE04EC0-301F-11D3-BF4B-00C04F79EFBC}") = "Mach.Infrastructure.Caching", "src\Mach.Infrastructure.Caching\Mach.Infrastructure.Caching.csproj", "{DB4EEE0A-B432-4C2C-87B3-0484C891BD33}"
EndProject
Project("{FAE04EC0-301F-11D3-BF4B-00C04F79EFBC}") = "Mach.Infrastructure.Caching.Tests", "tests\Mach.Infrastructure.Caching.Tests\Mach.Infrastructure.Caching.Tests.csproj", "{84E6C1AC-3975-4335-8BCB-C7BE425179C9}"
EndProject
Project("{FAE04EC0-301F-11D3-BF4B-00C04F79EFBC}") = "Mach.Auth.Functions.Tests", "tests\Mach.Auth.Functions.Tests\Mach.Auth.Functions.Tests.csproj", "{90D156B1-0ADB-484E-BDCF-9ECD55F1F65C}"
EndProject
Project("{FAE04EC0-301F-11D3-BF4B-00C04F79EFBC}") = "Mach.Outbox.Functions.Tests", "tests\Mach.Outbox.Functions.Tests\Mach.Outbox.Functions.Tests.csproj", "{D6FDD91B-3BE9-4235-89A4-5C6E2C1FCBF7}"
EndProject
Project("{FAE04EC0-301F-11D3-BF4B-00C04F79EFBC}") = "Mach.Projection.Functions.Tests", "tests\Mach.Projection.Functions.Tests\Mach.Projection.Functions.Tests.csproj", "{521FF896-E307-4748-910D-2811D24F794E}"
EndProject
Project("{FAE04EC0-301F-11D3-BF4B-00C04F79EFBC}") = "Mach.Webhooks.Functions.Tests", "tests\Mach.Webhooks.Functions.Tests\Mach.Webhooks.Functions.Tests.csproj", "{6582D427-E9A5-4954-A6C4-F46FF43741AA}"
EndProject
Global
	GlobalSection(SolutionConfigurationPlatforms) = preSolution
		Debug|Any CPU = Debug|Any CPU
		Debug|x64 = Debug|x64
		Debug|x86 = Debug|x86
		Release|Any CPU = Release|Any CPU
		Release|x64 = Release|x64
		Release|x86 = Release|x86
	EndGlobalSection
	GlobalSection(ProjectConfigurationPlatforms) = postSolution
		{57097D14-4B12-4B08-8D94-B46EA1D66058}.Debug|Any CPU.ActiveCfg = Debug|Any CPU
		{57097D14-4B12-4B08-8D94-B46EA1D66058}.Debug|Any CPU.Build.0 = Debug|Any CPU
		{57097D14-4B12-4B08-8D94-B46EA1D66058}.Debug|x64.ActiveCfg = Debug|Any CPU
		{57097D14-4B12-4B08-8D94-B46EA1D66058}.Debug|x64.Build.0 = Debug|Any CPU
		{57097D14-4B12-4B08-8D94-B46EA1D66058}.Debug|x86.ActiveCfg = Debug|Any CPU
		{57097D14-4B12-4B08-8D94-B46EA1D66058}.Debug|x86.Build.0 = Debug|Any CPU
		{57097D14-4B12-4B08-8D94-B46EA1D66058}.Release|Any CPU.ActiveCfg = Release|Any CPU
		{57097D14-4B12-4B08-8D94-B46EA1D66058}.Release|Any CPU.Build.0 = Release|Any CPU
		{57097D14-4B12-4B08-8D94-B46EA1D66058}.Release|x64.ActiveCfg = Release|Any CPU
		{57097D14-4B12-4B08-8D94-B46EA1D66058}.Release|x64.Build.0 = Release|Any CPU
		{57097D14-4B12-4B08-8D94-B46EA1D66058}.Release|x86.ActiveCfg = Release|Any CPU
		{57097D14-4B12-4B08-8D94-B46EA1D66058}.Release|x86.Build.0 = Release|Any CPU
		{322B1EEB-EB87-44EB-A370-3B018AE27E21}.Debug|Any CPU.ActiveCfg = Debug|Any CPU
		{322B1EEB-EB87-44EB-A370-3B018AE27E21}.Debug|Any CPU.Build.0 = Debug|Any CPU
		{322B1EEB-EB87-44EB-A370-3B018AE27E21}.Debug|x64.ActiveCfg = Debug|Any CPU
		{322B1EEB-EB87-44EB-A370-3B018AE27E21}.Debug|x64.Build.0 = Debug|Any CPU
		{322B1EEB-EB87-44EB-A370-3B018AE27E21}.Debug|x86.ActiveCfg = Debug|Any CPU
		{322B1EEB-EB87-44EB-A370-3B018AE27E21}.Debug|x86.Build.0 = Debug|Any CPU
		{322B1EEB-EB87-44EB-A370-3B018AE27E21}.Release|Any CPU.ActiveCfg = Release|Any CPU
		{322B1EEB-EB87-44EB-A370-3B018AE27E21}.Release|Any CPU.Build.0 = Release|Any CPU
		{322B1EEB-EB87-44EB-A370-3B018AE27E21}.Release|x64.ActiveCfg = Release|Any CPU
		{322B1EEB-EB87-44EB-A370-3B018AE27E21}.Release|x64.Build.0 = Release|Any CPU
		{322B1EEB-EB87-44EB-A370-3B018AE27E21}.Release|x86.ActiveCfg = Release|Any CPU
		{322B1EEB-EB87-44EB-A370-3B018AE27E21}.Release|x86.Build.0 = Release|Any CPU
		{1E3BBD16-95B5-465B-BAE5-17434758DE5B}.Debug|Any CPU.ActiveCfg = Debug|Any CPU
		{1E3BBD16-95B5-465B-BAE5-17434758DE5B}.Debug|Any CPU.Build.0 = Debug|Any CPU
		{1E3BBD16-95B5-465B-BAE5-17434758DE5B}.Debug|x64.ActiveCfg = Debug|Any CPU
		{1E3BBD16-95B5-465B-BAE5-17434758DE5B}.Debug|x64.Build.0 = Debug|Any CPU
		{1E3BBD16-95B5-465B-BAE5-17434758DE5B}.Debug|x86.ActiveCfg = Debug|Any CPU
		{1E3BBD16-95B5-465B-BAE5-17434758DE5B}.Debug|x86.Build.0 = Debug|Any CPU
		{1E3BBD16-95B5-465B-BAE5-17434758DE5B}.Release|Any CPU.ActiveCfg = Release|Any CPU
		{1E3BBD16-95B5-465B-BAE5-17434758DE5B}.Release|Any CPU.Build.0 = Release|Any CPU
		{1E3BBD16-95B5-465B-BAE5-17434758DE5B}.Release|x64.ActiveCfg = Release|Any CPU
		{1E3BBD16-95B5-465B-BAE5-17434758DE5B}.Release|x64.Build.0 = Release|Any CPU
		{1E3BBD16-95B5-465B-BAE5-17434758DE5B}.Release|x86.ActiveCfg = Release|Any CPU
		{1E3BBD16-95B5-465B-BAE5-17434758DE5B}.Release|x86.Build.0 = Release|Any CPU
		{9DFB1566-4D3E-40A1-8930-D8E7C83DD0DF}.Debug|Any CPU.ActiveCfg = Debug|Any CPU
		{9DFB1566-4D3E-40A1-8930-D8E7C83DD0DF}.Debug|Any CPU.Build.0 = Debug|Any CPU
		{9DFB1566-4D3E-40A1-8930-D8E7C83DD0DF}.Debug|x64.ActiveCfg = Debug|Any CPU
		{9DFB1566-4D3E-40A1-8930-D8E7C83DD0DF}.Debug|x64.Build.0 = Debug|Any CPU
		{9DFB1566-4D3E-40A1-8930-D8E7C83DD0DF}.Debug|x86.ActiveCfg = Debug|Any CPU
		{9DFB1566-4D3E-40A1-8930-D8E7C83DD0DF}.Debug|x86.Build.0 = Debug|Any CPU
		{9DFB1566-4D3E-40A1-8930-D8E7C83DD0DF}.Release|Any CPU.ActiveCfg = Release|Any CPU
		{9DFB1566-4D3E-40A1-8930-D8E7C83DD0DF}.Release|Any CPU.Build.0 = Release|Any CPU
		{9DFB1566-4D3E-40A1-8930-D8E7C83DD0DF}.Release|x64.ActiveCfg = Release|Any CPU
		{9DFB1566-4D3E-40A1-8930-D8E7C83DD0DF}.Release|x64.Build.0 = Release|Any CPU
		{9DFB1566-4D3E-40A1-8930-D8E7C83DD0DF}.Release|x86.ActiveCfg = Release|Any CPU
		{9DFB1566-4D3E-40A1-8930-D8E7C83DD0DF}.Release|x86.Build.0 = Release|Any CPU
		{CF3FD2EF-37B3-4C6A-A848-C62A3E655711}.Debug|Any CPU.ActiveCfg = Debug|Any CPU
		{CF3FD2EF-37B3-4C6A-A848-C62A3E655711}.Debug|Any CPU.Build.0 = Debug|Any CPU
		{CF3FD2EF-37B3-4C6A-A848-C62A3E655711}.Debug|x64.ActiveCfg = Debug|Any CPU
		{CF3FD2EF-37B3-4C6A-A848-C62A3E655711}.Debug|x64.Build.0 = Debug|Any CPU
		{CF3FD2EF-37B3-4C6A-A848-C62A3E655711}.Debug|x86.ActiveCfg = Debug|Any CPU
		{CF3FD2EF-37B3-4C6A-A848-C62A3E655711}.Debug|x86.Build.0 = Debug|Any CPU
		{CF3FD2EF-37B3-4C6A-A848-C62A3E655711}.Release|Any CPU.ActiveCfg = Release|Any CPU
		{CF3FD2EF-37B3-4C6A-A848-C62A3E655711}.Release|Any CPU.Build.0 = Release|Any CPU
		{CF3FD2EF-37B3-4C6A-A848-C62A3E655711}.Release|x64.ActiveCfg = Release|Any CPU
		{CF3FD2EF-37B3-4C6A-A848-C62A3E655711}.Release|x64.Build.0 = Release|Any CPU
		{CF3FD2EF-37B3-4C6A-A848-C62A3E655711}.Release|x86.ActiveCfg = Release|Any CPU
		{CF3FD2EF-37B3-4C6A-A848-C62A3E655711}.Release|x86.Build.0 = Release|Any CPU
		{2A998D2F-BA16-4752-B7D4-29FD81504B50}.Debug|Any CPU.ActiveCfg = Debug|Any CPU
		{2A998D2F-BA16-4752-B7D4-29FD81504B50}.Debug|Any CPU.Build.0 = Debug|Any CPU
		{2A998D2F-BA16-4752-B7D4-29FD81504B50}.Debug|x64.ActiveCfg = Debug|Any CPU
		{2A998D2F-BA16-4752-B7D4-29FD81504B50}.Debug|x64.Build.0 = Debug|Any CPU
		{2A998D2F-BA16-4752-B7D4-29FD81504B50}.Debug|x86.ActiveCfg = Debug|Any CPU
		{2A998D2F-BA16-4752-B7D4-29FD81504B50}.Debug|x86.Build.0 = Debug|Any CPU
		{2A998D2F-BA16-4752-B7D4-29FD81504B50}.Release|Any CPU.ActiveCfg = Release|Any CPU
		{2A998D2F-BA16-4752-B7D4-29FD81504B50}.Release|Any CPU.Build.0 = Release|Any CPU
		{2A998D2F-BA16-4752-B7D4-29FD81504B50}.Release|x64.ActiveCfg = Release|Any CPU
		{2A998D2F-BA16-4752-B7D4-29FD81504B50}.Release|x64.Build.0 = Release|Any CPU
		{2A998D2F-BA16-4752-B7D4-29FD81504B50}.Release|x86.ActiveCfg = Release|Any CPU
		{2A998D2F-BA16-4752-B7D4-29FD81504B50}.Release|x86.Build.0 = Release|Any CPU
		{CB9148CA-0A5F-41EF-AB80-05AB6511ED8A}.Debug|Any CPU.ActiveCfg = Debug|Any CPU
		{CB9148CA-0A5F-41EF-AB80-05AB6511ED8A}.Debug|Any CPU.Build.0 = Debug|Any CPU
		{CB9148CA-0A5F-41EF-AB80-05AB6511ED8A}.Debug|x64.ActiveCfg = Debug|Any CPU
		{CB9148CA-0A5F-41EF-AB80-05AB6511ED8A}.Debug|x64.Build.0 = Debug|Any CPU
		{CB9148CA-0A5F-41EF-AB80-05AB6511ED8A}.Debug|x86.ActiveCfg = Debug|Any CPU
		{CB9148CA-0A5F-41EF-AB80-05AB6511ED8A}.Debug|x86.Build.0 = Debug|Any CPU
		{CB9148CA-0A5F-41EF-AB80-05AB6511ED8A}.Release|Any CPU.ActiveCfg = Release|Any CPU
		{CB9148CA-0A5F-41EF-AB80-05AB6511ED8A}.Release|Any CPU.Build.0 = Release|Any CPU
		{CB9148CA-0A5F-41EF-AB80-05AB6511ED8A}.Release|x64.ActiveCfg = Release|Any CPU
		{CB9148CA-0A5F-41EF-AB80-05AB6511ED8A}.Release|x64.Build.0 = Release|Any CPU
		{CB9148CA-0A5F-41EF-AB80-05AB6511ED8A}.Release|x86.ActiveCfg = Release|Any CPU
		{CB9148CA-0A5F-41EF-AB80-05AB6511ED8A}.Release|x86.Build.0 = Release|Any CPU
		{58EAB2D8-53CC-4B7D-963E-38A513CBAAC8}.Debug|Any CPU.ActiveCfg = Debug|Any CPU
		{58EAB2D8-53CC-4B7D-963E-38A513CBAAC8}.Debug|Any CPU.Build.0 = Debug|Any CPU
		{58EAB2D8-53CC-4B7D-963E-38A513CBAAC8}.Debug|x64.ActiveCfg = Debug|Any CPU
		{58EAB2D8-53CC-4B7D-963E-38A513CBAAC8}.Debug|x64.Build.0 = Debug|Any CPU
		{58EAB2D8-53CC-4B7D-963E-38A513CBAAC8}.Debug|x86.ActiveCfg = Debug|Any CPU
		{58EAB2D8-53CC-4B7D-963E-38A513CBAAC8}.Debug|x86.Build.0 = Debug|Any CPU
		{58EAB2D8-53CC-4B7D-963E-38A513CBAAC8}.Release|Any CPU.ActiveCfg = Release|Any CPU
		{58EAB2D8-53CC-4B7D-963E-38A513CBAAC8}.Release|Any CPU.Build.0 = Release|Any CPU
		{58EAB2D8-53CC-4B7D-963E-38A513CBAAC8}.Release|x64.ActiveCfg = Release|Any CPU
		{58EAB2D8-53CC-4B7D-963E-38A513CBAAC8}.Release|x64.Build.0 = Release|Any CPU
		{58EAB2D8-53CC-4B7D-963E-38A513CBAAC8}.Release|x86.ActiveCfg = Release|Any CPU
		{58EAB2D8-53CC-4B7D-963E-38A513CBAAC8}.Release|x86.Build.0 = Release|Any CPU
		{231DEB1E-57AD-47EA-89D1-79BF48C2D4F4}.Debug|Any CPU.ActiveCfg = Debug|Any CPU
		{231DEB1E-57AD-47EA-89D1-79BF48C2D4F4}.Debug|Any CPU.Build.0 = Debug|Any CPU
		{231DEB1E-57AD-47EA-89D1-79BF48C2D4F4}.Debug|x64.ActiveCfg = Debug|Any CPU
		{231DEB1E-57AD-47EA-89D1-79BF48C2D4F4}.Debug|x64.Build.0 = Debug|Any CPU
		{231DEB1E-57AD-47EA-89D1-79BF48C2D4F4}.Debug|x86.ActiveCfg = Debug|Any CPU
		{231DEB1E-57AD-47EA-89D1-79BF48C2D4F4}.Debug|x86.Build.0 = Debug|Any CPU
		{231DEB1E-57AD-47EA-89D1-79BF48C2D4F4}.Release|Any CPU.ActiveCfg = Release|Any CPU
		{231DEB1E-57AD-47EA-89D1-79BF48C2D4F4}.Release|Any CPU.Build.0 = Release|Any CPU
		{231DEB1E-57AD-47EA-89D1-79BF48C2D4F4}.Release|x64.ActiveCfg = Release|Any CPU
		{231DEB1E-57AD-47EA-89D1-79BF48C2D4F4}.Release|x64.Build.0 = Release|Any CPU
		{231DEB1E-57AD-47EA-89D1-79BF48C2D4F4}.Release|x86.ActiveCfg = Release|Any CPU
		{231DEB1E-57AD-47EA-89D1-79BF48C2D4F4}.Release|x86.Build.0 = Release|Any CPU
		{CD765E2E-11A9-4C7D-9743-59C2CD1B0B24}.Debug|Any CPU.ActiveCfg = Debug|Any CPU
		{CD765E2E-11A9-4C7D-9743-59C2CD1B0B24}.Debug|Any CPU.Build.0 = Debug|Any CPU
		{CD765E2E-11A9-4C7D-9743-59C2CD1B0B24}.Debug|x64.ActiveCfg = Debug|Any CPU
		{CD765E2E-11A9-4C7D-9743-59C2CD1B0B24}.Debug|x64.Build.0 = Debug|Any CPU
		{CD765E2E-11A9-4C7D-9743-59C2CD1B0B24}.Debug|x86.ActiveCfg = Debug|Any CPU
		{CD765E2E-11A9-4C7D-9743-59C2CD1B0B24}.Debug|x86.Build.0 = Debug|Any CPU
		{CD765E2E-11A9-4C7D-9743-59C2CD1B0B24}.Release|Any CPU.ActiveCfg = Release|Any CPU
		{CD765E2E-11A9-4C7D-9743-59C2CD1B0B24}.Release|Any CPU.Build.0 = Release|Any CPU
		{CD765E2E-11A9-4C7D-9743-59C2CD1B0B24}.Release|x64.ActiveCfg = Release|Any CPU
		{CD765E2E-11A9-4C7D-9743-59C2CD1B0B24}.Release|x64.Build.0 = Release|Any CPU
		{CD765E2E-11A9-4C7D-9743-59C2CD1B0B24}.Release|x86.ActiveCfg = Release|Any CPU
		{CD765E2E-11A9-4C7D-9743-59C2CD1B0B24}.Release|x86.Build.0 = Release|Any CPU
		{FED0D468-D490-48C5-B95A-E6FA82ECB8CA}.Debug|Any CPU.ActiveCfg = Debug|Any CPU
		{FED0D468-D490-48C5-B95A-E6FA82ECB8CA}.Debug|Any CPU.Build.0 = Debug|Any CPU
		{FED0D468-D490-48C5-B95A-E6FA82ECB8CA}.Debug|x64.ActiveCfg = Debug|Any CPU
		{FED0D468-D490-48C5-B95A-E6FA82ECB8CA}.Debug|x64.Build.0 = Debug|Any CPU
		{FED0D468-D490-48C5-B95A-E6FA82ECB8CA}.Debug|x86.ActiveCfg = Debug|Any CPU
		{FED0D468-D490-48C5-B95A-E6FA82ECB8CA}.Debug|x86.Build.0 = Debug|Any CPU
		{FED0D468-D490-48C5-B95A-E6FA82ECB8CA}.Release|Any CPU.ActiveCfg = Release|Any CPU
		{FED0D468-D490-48C5-B95A-E6FA82ECB8CA}.Release|Any CPU.Build.0 = Release|Any CPU
		{FED0D468-D490-48C5-B95A-E6FA82ECB8CA}.Release|x64.ActiveCfg = Release|Any CPU
		{FED0D468-D490-48C5-B95A-E6FA82ECB8CA}.Release|x64.Build.0 = Release|Any CPU
		{FED0D468-D490-48C5-B95A-E6FA82ECB8CA}.Release|x86.ActiveCfg = Release|Any CPU
		{FED0D468-D490-48C5-B95A-E6FA82ECB8CA}.Release|x86.Build.0 = Release|Any CPU
		{6E4DB168-A4BB-4FC6-A2A3-0E07B5E7D1B3}.Debug|Any CPU.ActiveCfg = Debug|Any CPU
		{6E4DB168-A4BB-4FC6-A2A3-0E07B5E7D1B3}.Debug|Any CPU.Build.0 = Debug|Any CPU
		{6E4DB168-A4BB-4FC6-A2A3-0E07B5E7D1B3}.Debug|x64.ActiveCfg = Debug|Any CPU
		{6E4DB168-A4BB-4FC6-A2A3-0E07B5E7D1B3}.Debug|x64.Build.0 = Debug|Any CPU
		{6E4DB168-A4BB-4FC6-A2A3-0E07B5E7D1B3}.Debug|x86.ActiveCfg = Debug|Any CPU
		{6E4DB168-A4BB-4FC6-A2A3-0E07B5E7D1B3}.Debug|x86.Build.0 = Debug|Any CPU
		{6E4DB168-A4BB-4FC6-A2A3-0E07B5E7D1B3}.Release|Any CPU.ActiveCfg = Release|Any CPU
		{6E4DB168-A4BB-4FC6-A2A3-0E07B5E7D1B3}.Release|Any CPU.Build.0 = Release|Any CPU
		{6E4DB168-A4BB-4FC6-A2A3-0E07B5E7D1B3}.Release|x64.ActiveCfg = Release|Any CPU
		{6E4DB168-A4BB-4FC6-A2A3-0E07B5E7D1B3}.Release|x64.Build.0 = Release|Any CPU
		{6E4DB168-A4BB-4FC6-A2A3-0E07B5E7D1B3}.Release|x86.ActiveCfg = Release|Any CPU
		{6E4DB168-A4BB-4FC6-A2A3-0E07B5E7D1B3}.Release|x86.Build.0 = Release|Any CPU
		{A01D4144-008C-46BB-A6D2-28779C59CC18}.Debug|Any CPU.ActiveCfg = Debug|Any CPU
		{A01D4144-008C-46BB-A6D2-28779C59CC18}.Debug|Any CPU.Build.0 = Debug|Any CPU
		{A01D4144-008C-46BB-A6D2-28779C59CC18}.Debug|x64.ActiveCfg = Debug|Any CPU
		{A01D4144-008C-46BB-A6D2-28779C59CC18}.Debug|x64.Build.0 = Debug|Any CPU
		{A01D4144-008C-46BB-A6D2-28779C59CC18}.Debug|x86.ActiveCfg = Debug|Any CPU
		{A01D4144-008C-46BB-A6D2-28779C59CC18}.Debug|x86.Build.0 = Debug|Any CPU
		{A01D4144-008C-46BB-A6D2-28779C59CC18}.Release|Any CPU.ActiveCfg = Release|Any CPU
		{A01D4144-008C-46BB-A6D2-28779C59CC18}.Release|Any CPU.Build.0 = Release|Any CPU
		{A01D4144-008C-46BB-A6D2-28779C59CC18}.Release|x64.ActiveCfg = Release|Any CPU
		{A01D4144-008C-46BB-A6D2-28779C59CC18}.Release|x64.Build.0 = Release|Any CPU
		{A01D4144-008C-46BB-A6D2-28779C59CC18}.Release|x86.ActiveCfg = Release|Any CPU
		{A01D4144-008C-46BB-A6D2-28779C59CC18}.Release|x86.Build.0 = Release|Any CPU
		{05366CD6-19E3-48DE-B3E6-A6B83CDBE191}.Debug|Any CPU.ActiveCfg = Debug|Any CPU
		{05366CD6-19E3-48DE-B3E6-A6B83CDBE191}.Debug|Any CPU.Build.0 = Debug|Any CPU
		{05366CD6-19E3-48DE-B3E6-A6B83CDBE191}.Debug|x64.ActiveCfg = Debug|Any CPU
		{05366CD6-19E3-48DE-B3E6-A6B83CDBE191}.Debug|x64.Build.0 = Debug|Any CPU
		{05366CD6-19E3-48DE-B3E6-A6B83CDBE191}.Debug|x86.ActiveCfg = Debug|Any CPU
		{05366CD6-19E3-48DE-B3E6-A6B83CDBE191}.Debug|x86.Build.0 = Debug|Any CPU
		{05366CD6-19E3-48DE-B3E6-A6B83CDBE191}.Release|Any CPU.ActiveCfg = Release|Any CPU
		{05366CD6-19E3-48DE-B3E6-A6B83CDBE191}.Release|Any CPU.Build.0 = Release|Any CPU
		{05366CD6-19E3-48DE-B3E6-A6B83CDBE191}.Release|x64.ActiveCfg = Release|Any CPU
		{05366CD6-19E3-48DE-B3E6-A6B83CDBE191}.Release|x64.Build.0 = Release|Any CPU
		{05366CD6-19E3-48DE-B3E6-A6B83CDBE191}.Release|x86.ActiveCfg = Release|Any CPU
		{05366CD6-19E3-48DE-B3E6-A6B83CDBE191}.Release|x86.Build.0 = Release|Any CPU
		{F6ADB312-914F-48C0-A097-57757B858E99}.Debug|Any CPU.ActiveCfg = Debug|Any CPU
		{F6ADB312-914F-48C0-A097-57757B858E99}.Debug|Any CPU.Build.0 = Debug|Any CPU
		{F6ADB312-914F-48C0-A097-57757B858E99}.Debug|x64.ActiveCfg = Debug|Any CPU
		{F6ADB312-914F-48C0-A097-57757B858E99}.Debug|x64.Build.0 = Debug|Any CPU
		{F6ADB312-914F-48C0-A097-57757B858E99}.Debug|x86.ActiveCfg = Debug|Any CPU
		{F6ADB312-914F-48C0-A097-57757B858E99}.Debug|x86.Build.0 = Debug|Any CPU
		{F6ADB312-914F-48C0-A097-57757B858E99}.Release|Any CPU.ActiveCfg = Release|Any CPU
		{F6ADB312-914F-48C0-A097-57757B858E99}.Release|Any CPU.Build.0 = Release|Any CPU
		{F6ADB312-914F-48C0-A097-57757B858E99}.Release|x64.ActiveCfg = Release|Any CPU
		{F6ADB312-914F-48C0-A097-57757B858E99}.Release|x64.Build.0 = Release|Any CPU
		{F6ADB312-914F-48C0-A097-57757B858E99}.Release|x86.ActiveCfg = Release|Any CPU
		{F6ADB312-914F-48C0-A097-57757B858E99}.Release|x86.Build.0 = Release|Any CPU
		{832FF076-AC32-4EEB-AA05-236230D03EFD}.Debug|Any CPU.ActiveCfg = Debug|Any CPU
		{832FF076-AC32-4EEB-AA05-236230D03EFD}.Debug|Any CPU.Build.0 = Debug|Any CPU
		{832FF076-AC32-4EEB-AA05-236230D03EFD}.Debug|x64.ActiveCfg = Debug|Any CPU
		{832FF076-AC32-4EEB-AA05-236230D03EFD}.Debug|x64.Build.0 = Debug|Any CPU
		{832FF076-AC32-4EEB-AA05-236230D03EFD}.Debug|x86.ActiveCfg = Debug|Any CPU
		{832FF076-AC32-4EEB-AA05-236230D03EFD}.Debug|x86.Build.0 = Debug|Any CPU
		{832FF076-AC32-4EEB-AA05-236230D03EFD}.Release|Any CPU.ActiveCfg = Release|Any CPU
		{832FF076-AC32-4EEB-AA05-236230D03EFD}.Release|Any CPU.Build.0 = Release|Any CPU
		{832FF076-AC32-4EEB-AA05-236230D03EFD}.Release|x64.ActiveCfg = Release|Any CPU
		{832FF076-AC32-4EEB-AA05-236230D03EFD}.Release|x64.Build.0 = Release|Any CPU
		{832FF076-AC32-4EEB-AA05-236230D03EFD}.Release|x86.ActiveCfg = Release|Any CPU
		{832FF076-AC32-4EEB-AA05-236230D03EFD}.Release|x86.Build.0 = Release|Any CPU
		{CA675789-DAFE-457E-A81A-631F8005C3EE}.Debug|Any CPU.ActiveCfg = Debug|Any CPU
		{CA675789-DAFE-457E-A81A-631F8005C3EE}.Debug|Any CPU.Build.0 = Debug|Any CPU
		{CA675789-DAFE-457E-A81A-631F8005C3EE}.Debug|x64.ActiveCfg = Debug|Any CPU
		{CA675789-DAFE-457E-A81A-631F8005C3EE}.Debug|x64.Build.0 = Debug|Any CPU
		{CA675789-DAFE-457E-A81A-631F8005C3EE}.Debug|x86.ActiveCfg = Debug|Any CPU
		{CA675789-DAFE-457E-A81A-631F8005C3EE}.Debug|x86.Build.0 = Debug|Any CPU
		{CA675789-DAFE-457E-A81A-631F8005C3EE}.Release|Any CPU.ActiveCfg = Release|Any CPU
		{CA675789-DAFE-457E-A81A-631F8005C3EE}.Release|Any CPU.Build.0 = Release|Any CPU
		{CA675789-DAFE-457E-A81A-631F8005C3EE}.Release|x64.ActiveCfg = Release|Any CPU
		{CA675789-DAFE-457E-A81A-631F8005C3EE}.Release|x64.Build.0 = Release|Any CPU
		{CA675789-DAFE-457E-A81A-631F8005C3EE}.Release|x86.ActiveCfg = Release|Any CPU
		{CA675789-DAFE-457E-A81A-631F8005C3EE}.Release|x86.Build.0 = Release|Any CPU
		{4392694A-1C26-4EAB-9331-7CAD9978391B}.Debug|Any CPU.ActiveCfg = Debug|Any CPU
		{4392694A-1C26-4EAB-9331-7CAD9978391B}.Debug|Any CPU.Build.0 = Debug|Any CPU
		{4392694A-1C26-4EAB-9331-7CAD9978391B}.Debug|x64.ActiveCfg = Debug|Any CPU
		{4392694A-1C26-4EAB-9331-7CAD9978391B}.Debug|x64.Build.0 = Debug|Any CPU
		{4392694A-1C26-4EAB-9331-7CAD9978391B}.Debug|x86.ActiveCfg = Debug|Any CPU
		{4392694A-1C26-4EAB-9331-7CAD9978391B}.Debug|x86.Build.0 = Debug|Any CPU
		{4392694A-1C26-4EAB-9331-7CAD9978391B}.Release|Any CPU.ActiveCfg = Release|Any CPU
		{4392694A-1C26-4EAB-9331-7CAD9978391B}.Release|Any CPU.Build.0 = Release|Any CPU
		{4392694A-1C26-4EAB-9331-7CAD9978391B}.Release|x64.ActiveCfg = Release|Any CPU
		{4392694A-1C26-4EAB-9331-7CAD9978391B}.Release|x64.Build.0 = Release|Any CPU
		{4392694A-1C26-4EAB-9331-7CAD9978391B}.Release|x86.ActiveCfg = Release|Any CPU
		{4392694A-1C26-4EAB-9331-7CAD9978391B}.Release|x86.Build.0 = Release|Any CPU
		{C1ABD8CE-D2DF-4218-951B-B8C62DF764E4}.Debug|Any CPU.ActiveCfg = Debug|Any CPU
		{C1ABD8CE-D2DF-4218-951B-B8C62DF764E4}.Debug|Any CPU.Build.0 = Debug|Any CPU
		{C1ABD8CE-D2DF-4218-951B-B8C62DF764E4}.Debug|x64.ActiveCfg = Debug|Any CPU
		{C1ABD8CE-D2DF-4218-951B-B8C62DF764E4}.Debug|x64.Build.0 = Debug|Any CPU
		{C1ABD8CE-D2DF-4218-951B-B8C62DF764E4}.Debug|x86.ActiveCfg = Debug|Any CPU
		{C1ABD8CE-D2DF-4218-951B-B8C62DF764E4}.Debug|x86.Build.0 = Debug|Any CPU
		{C1ABD8CE-D2DF-4218-951B-B8C62DF764E4}.Release|Any CPU.ActiveCfg = Release|Any CPU
		{C1ABD8CE-D2DF-4218-951B-B8C62DF764E4}.Release|Any CPU.Build.0 = Release|Any CPU
		{C1ABD8CE-D2DF-4218-951B-B8C62DF764E4}.Release|x64.ActiveCfg = Release|Any CPU
		{C1ABD8CE-D2DF-4218-951B-B8C62DF764E4}.Release|x64.Build.0 = Release|Any CPU
		{C1ABD8CE-D2DF-4218-951B-B8C62DF764E4}.Release|x86.ActiveCfg = Release|Any CPU
		{C1ABD8CE-D2DF-4218-951B-B8C62DF764E4}.Release|x86.Build.0 = Release|Any CPU
		{30736C9A-9A84-4ACF-A9EB-7BEE9BA1E60B}.Debug|Any CPU.ActiveCfg = Debug|Any CPU
		{30736C9A-9A84-4ACF-A9EB-7BEE9BA1E60B}.Debug|Any CPU.Build.0 = Debug|Any CPU
		{30736C9A-9A84-4ACF-A9EB-7BEE9BA1E60B}.Debug|x64.ActiveCfg = Debug|Any CPU
		{30736C9A-9A84-4ACF-A9EB-7BEE9BA1E60B}.Debug|x64.Build.0 = Debug|Any CPU
		{30736C9A-9A84-4ACF-A9EB-7BEE9BA1E60B}.Debug|x86.ActiveCfg = Debug|Any CPU
		{30736C9A-9A84-4ACF-A9EB-7BEE9BA1E60B}.Debug|x86.Build.0 = Debug|Any CPU
		{30736C9A-9A84-4ACF-A9EB-7BEE9BA1E60B}.Release|Any CPU.ActiveCfg = Release|Any CPU
		{30736C9A-9A84-4ACF-A9EB-7BEE9BA1E60B}.Release|Any CPU.Build.0 = Release|Any CPU
		{30736C9A-9A84-4ACF-A9EB-7BEE9BA1E60B}.Release|x64.ActiveCfg = Release|Any CPU
		{30736C9A-9A84-4ACF-A9EB-7BEE9BA1E60B}.Release|x64.Build.0 = Release|Any CPU
		{30736C9A-9A84-4ACF-A9EB-7BEE9BA1E60B}.Release|x86.ActiveCfg = Release|Any CPU
		{30736C9A-9A84-4ACF-A9EB-7BEE9BA1E60B}.Release|x86.Build.0 = Release|Any CPU
		{FC5C023D-10B4-4094-86A6-328E37265AC6}.Debug|Any CPU.ActiveCfg = Debug|Any CPU
		{FC5C023D-10B4-4094-86A6-328E37265AC6}.Debug|Any CPU.Build.0 = Debug|Any CPU
		{FC5C023D-10B4-4094-86A6-328E37265AC6}.Debug|x64.ActiveCfg = Debug|Any CPU
		{FC5C023D-10B4-4094-86A6-328E37265AC6}.Debug|x64.Build.0 = Debug|Any CPU
		{FC5C023D-10B4-4094-86A6-328E37265AC6}.Debug|x86.ActiveCfg = Debug|Any CPU
		{FC5C023D-10B4-4094-86A6-328E37265AC6}.Debug|x86.Build.0 = Debug|Any CPU
		{FC5C023D-10B4-4094-86A6-328E37265AC6}.Release|Any CPU.ActiveCfg = Release|Any CPU
		{FC5C023D-10B4-4094-86A6-328E37265AC6}.Release|Any CPU.Build.0 = Release|Any CPU
		{FC5C023D-10B4-4094-86A6-328E37265AC6}.Release|x64.ActiveCfg = Release|Any CPU
		{FC5C023D-10B4-4094-86A6-328E37265AC6}.Release|x64.Build.0 = Release|Any CPU
		{FC5C023D-10B4-4094-86A6-328E37265AC6}.Release|x86.ActiveCfg = Release|Any CPU
		{FC5C023D-10B4-4094-86A6-328E37265AC6}.Release|x86.Build.0 = Release|Any CPU
		{ECB8D2CD-2683-42DF-BD2B-7EA8FA642543}.Debug|Any CPU.ActiveCfg = Debug|Any CPU
		{ECB8D2CD-2683-42DF-BD2B-7EA8FA642543}.Debug|Any CPU.Build.0 = Debug|Any CPU
		{ECB8D2CD-2683-42DF-BD2B-7EA8FA642543}.Debug|x64.ActiveCfg = Debug|Any CPU
		{ECB8D2CD-2683-42DF-BD2B-7EA8FA642543}.Debug|x64.Build.0 = Debug|Any CPU
		{ECB8D2CD-2683-42DF-BD2B-7EA8FA642543}.Debug|x86.ActiveCfg = Debug|Any CPU
		{ECB8D2CD-2683-42DF-BD2B-7EA8FA642543}.Debug|x86.Build.0 = Debug|Any CPU
		{ECB8D2CD-2683-42DF-BD2B-7EA8FA642543}.Release|Any CPU.ActiveCfg = Release|Any CPU
		{ECB8D2CD-2683-42DF-BD2B-7EA8FA642543}.Release|Any CPU.Build.0 = Release|Any CPU
		{ECB8D2CD-2683-42DF-BD2B-7EA8FA642543}.Release|x64.ActiveCfg = Release|Any CPU
		{ECB8D2CD-2683-42DF-BD2B-7EA8FA642543}.Release|x64.Build.0 = Release|Any CPU
		{ECB8D2CD-2683-42DF-BD2B-7EA8FA642543}.Release|x86.ActiveCfg = Release|Any CPU
		{ECB8D2CD-2683-42DF-BD2B-7EA8FA642543}.Release|x86.Build.0 = Release|Any CPU
		{72F571A9-5688-4C7C-81F0-E2063A71110F}.Debug|Any CPU.ActiveCfg = Debug|Any CPU
		{72F571A9-5688-4C7C-81F0-E2063A71110F}.Debug|Any CPU.Build.0 = Debug|Any CPU
		{72F571A9-5688-4C7C-81F0-E2063A71110F}.Debug|x64.ActiveCfg = Debug|Any CPU
		{72F571A9-5688-4C7C-81F0-E2063A71110F}.Debug|x64.Build.0 = Debug|Any CPU
		{72F571A9-5688-4C7C-81F0-E2063A71110F}.Debug|x86.ActiveCfg = Debug|Any CPU
		{72F571A9-5688-4C7C-81F0-E2063A71110F}.Debug|x86.Build.0 = Debug|Any CPU
		{72F571A9-5688-4C7C-81F0-E2063A71110F}.Release|Any CPU.ActiveCfg = Release|Any CPU
		{72F571A9-5688-4C7C-81F0-E2063A71110F}.Release|Any CPU.Build.0 = Release|Any CPU
		{72F571A9-5688-4C7C-81F0-E2063A71110F}.Release|x64.ActiveCfg = Release|Any CPU
		{72F571A9-5688-4C7C-81F0-E2063A71110F}.Release|x64.Build.0 = Release|Any CPU
		{72F571A9-5688-4C7C-81F0-E2063A71110F}.Release|x86.ActiveCfg = Release|Any CPU
		{72F571A9-5688-4C7C-81F0-E2063A71110F}.Release|x86.Build.0 = Release|Any CPU
		{714B288C-06B0-43EF-BB22-3D147A299369}.Debug|Any CPU.ActiveCfg = Debug|Any CPU
		{714B288C-06B0-43EF-BB22-3D147A299369}.Debug|Any CPU.Build.0 = Debug|Any CPU
		{714B288C-06B0-43EF-BB22-3D147A299369}.Debug|x64.ActiveCfg = Debug|Any CPU
		{714B288C-06B0-43EF-BB22-3D147A299369}.Debug|x64.Build.0 = Debug|Any CPU
		{714B288C-06B0-43EF-BB22-3D147A299369}.Debug|x86.ActiveCfg = Debug|Any CPU
		{714B288C-06B0-43EF-BB22-3D147A299369}.Debug|x86.Build.0 = Debug|Any CPU
		{714B288C-06B0-43EF-BB22-3D147A299369}.Release|Any CPU.ActiveCfg = Release|Any CPU
		{714B288C-06B0-43EF-BB22-3D147A299369}.Release|Any CPU.Build.0 = Release|Any CPU
		{714B288C-06B0-43EF-BB22-3D147A299369}.Release|x64.ActiveCfg = Release|Any CPU
		{714B288C-06B0-43EF-BB22-3D147A299369}.Release|x64.Build.0 = Release|Any CPU
		{714B288C-06B0-43EF-BB22-3D147A299369}.Release|x86.ActiveCfg = Release|Any CPU
		{714B288C-06B0-43EF-BB22-3D147A299369}.Release|x86.Build.0 = Release|Any CPU
		{4E30DF0F-6347-473B-AD65-ED586FED4ECC}.Debug|Any CPU.ActiveCfg = Debug|Any CPU
		{4E30DF0F-6347-473B-AD65-ED586FED4ECC}.Debug|Any CPU.Build.0 = Debug|Any CPU
		{4E30DF0F-6347-473B-AD65-ED586FED4ECC}.Debug|x64.ActiveCfg = Debug|Any CPU
		{4E30DF0F-6347-473B-AD65-ED586FED4ECC}.Debug|x64.Build.0 = Debug|Any CPU
		{4E30DF0F-6347-473B-AD65-ED586FED4ECC}.Debug|x86.ActiveCfg = Debug|Any CPU
		{4E30DF0F-6347-473B-AD65-ED586FED4ECC}.Debug|x86.Build.0 = Debug|Any CPU
		{4E30DF0F-6347-473B-AD65-ED586FED4ECC}.Release|Any CPU.ActiveCfg = Release|Any CPU
		{4E30DF0F-6347-473B-AD65-ED586FED4ECC}.Release|Any CPU.Build.0 = Release|Any CPU
		{4E30DF0F-6347-473B-AD65-ED586FED4ECC}.Release|x64.ActiveCfg = Release|Any CPU
		{4E30DF0F-6347-473B-AD65-ED586FED4ECC}.Release|x64.Build.0 = Release|Any CPU
		{4E30DF0F-6347-473B-AD65-ED586FED4ECC}.Release|x86.ActiveCfg = Release|Any CPU
		{4E30DF0F-6347-473B-AD65-ED586FED4ECC}.Release|x86.Build.0 = Release|Any CPU
		{98E83531-2617-4C3A-BD6D-6853551303AC}.Debug|Any CPU.ActiveCfg = Debug|Any CPU
		{98E83531-2617-4C3A-BD6D-6853551303AC}.Debug|Any CPU.Build.0 = Debug|Any CPU
		{98E83531-2617-4C3A-BD6D-6853551303AC}.Debug|x64.ActiveCfg = Debug|Any CPU
		{98E83531-2617-4C3A-BD6D-6853551303AC}.Debug|x64.Build.0 = Debug|Any CPU
		{98E83531-2617-4C3A-BD6D-6853551303AC}.Debug|x86.ActiveCfg = Debug|Any CPU
		{98E83531-2617-4C3A-BD6D-6853551303AC}.Debug|x86.Build.0 = Debug|Any CPU
		{98E83531-2617-4C3A-BD6D-6853551303AC}.Release|Any CPU.ActiveCfg = Release|Any CPU
		{98E83531-2617-4C3A-BD6D-6853551303AC}.Release|Any CPU.Build.0 = Release|Any CPU
		{98E83531-2617-4C3A-BD6D-6853551303AC}.Release|x64.ActiveCfg = Release|Any CPU
		{98E83531-2617-4C3A-BD6D-6853551303AC}.Release|x64.Build.0 = Release|Any CPU
		{98E83531-2617-4C3A-BD6D-6853551303AC}.Release|x86.ActiveCfg = Release|Any CPU
		{98E83531-2617-4C3A-BD6D-6853551303AC}.Release|x86.Build.0 = Release|Any CPU
		{0563441D-1F66-401E-A809-BE615596583E}.Debug|Any CPU.ActiveCfg = Debug|Any CPU
		{0563441D-1F66-401E-A809-BE615596583E}.Debug|Any CPU.Build.0 = Debug|Any CPU
		{0563441D-1F66-401E-A809-BE615596583E}.Debug|x64.ActiveCfg = Debug|Any CPU
		{0563441D-1F66-401E-A809-BE615596583E}.Debug|x64.Build.0 = Debug|Any CPU
		{0563441D-1F66-401E-A809-BE615596583E}.Debug|x86.ActiveCfg = Debug|Any CPU
		{0563441D-1F66-401E-A809-BE615596583E}.Debug|x86.Build.0 = Debug|Any CPU
		{0563441D-1F66-401E-A809-BE615596583E}.Release|Any CPU.ActiveCfg = Release|Any CPU
		{0563441D-1F66-401E-A809-BE615596583E}.Release|Any CPU.Build.0 = Release|Any CPU
		{0563441D-1F66-401E-A809-BE615596583E}.Release|x64.ActiveCfg = Release|Any CPU
		{0563441D-1F66-401E-A809-BE615596583E}.Release|x64.Build.0 = Release|Any CPU
		{0563441D-1F66-401E-A809-BE615596583E}.Release|x86.ActiveCfg = Release|Any CPU
		{0563441D-1F66-401E-A809-BE615596583E}.Release|x86.Build.0 = Release|Any CPU
		{C05A89C3-3ECA-409F-A4BF-CA3B9A6352AF}.Debug|Any CPU.ActiveCfg = Debug|Any CPU
		{C05A89C3-3ECA-409F-A4BF-CA3B9A6352AF}.Debug|Any CPU.Build.0 = Debug|Any CPU
		{C05A89C3-3ECA-409F-A4BF-CA3B9A6352AF}.Debug|x64.ActiveCfg = Debug|Any CPU
		{C05A89C3-3ECA-409F-A4BF-CA3B9A6352AF}.Debug|x64.Build.0 = Debug|Any CPU
		{C05A89C3-3ECA-409F-A4BF-CA3B9A6352AF}.Debug|x86.ActiveCfg = Debug|Any CPU
		{C05A89C3-3ECA-409F-A4BF-CA3B9A6352AF}.Debug|x86.Build.0 = Debug|Any CPU
		{C05A89C3-3ECA-409F-A4BF-CA3B9A6352AF}.Release|Any CPU.ActiveCfg = Release|Any CPU
		{C05A89C3-3ECA-409F-A4BF-CA3B9A6352AF}.Release|Any CPU.Build.0 = Release|Any CPU
		{C05A89C3-3ECA-409F-A4BF-CA3B9A6352AF}.Release|x64.ActiveCfg = Release|Any CPU
		{C05A89C3-3ECA-409F-A4BF-CA3B9A6352AF}.Release|x64.Build.0 = Release|Any CPU
		{C05A89C3-3ECA-409F-A4BF-CA3B9A6352AF}.Release|x86.ActiveCfg = Release|Any CPU
		{C05A89C3-3ECA-409F-A4BF-CA3B9A6352AF}.Release|x86.Build.0 = Release|Any CPU
		{38CB3D87-4B03-4C48-8290-EE764D6B3DE7}.Debug|Any CPU.ActiveCfg = Debug|Any CPU
		{38CB3D87-4B03-4C48-8290-EE764D6B3DE7}.Debug|Any CPU.Build.0 = Debug|Any CPU
		{38CB3D87-4B03-4C48-8290-EE764D6B3DE7}.Debug|x64.ActiveCfg = Debug|Any CPU
		{38CB3D87-4B03-4C48-8290-EE764D6B3DE7}.Debug|x64.Build.0 = Debug|Any CPU
		{38CB3D87-4B03-4C48-8290-EE764D6B3DE7}.Debug|x86.ActiveCfg = Debug|Any CPU
		{38CB3D87-4B03-4C48-8290-EE764D6B3DE7}.Debug|x86.Build.0 = Debug|Any CPU
		{38CB3D87-4B03-4C48-8290-EE764D6B3DE7}.Release|Any CPU.ActiveCfg = Release|Any CPU
		{38CB3D87-4B03-4C48-8290-EE764D6B3DE7}.Release|Any CPU.Build.0 = Release|Any CPU
		{38CB3D87-4B03-4C48-8290-EE764D6B3DE7}.Release|x64.ActiveCfg = Release|Any CPU
		{38CB3D87-4B03-4C48-8290-EE764D6B3DE7}.Release|x64.Build.0 = Release|Any CPU
		{38CB3D87-4B03-4C48-8290-EE764D6B3DE7}.Release|x86.ActiveCfg = Release|Any CPU
		{38CB3D87-4B03-4C48-8290-EE764D6B3DE7}.Release|x86.Build.0 = Release|Any CPU
		{34DB4606-DD49-43FF-B81E-FC04550E8831}.Debug|Any CPU.ActiveCfg = Debug|Any CPU
		{34DB4606-DD49-43FF-B81E-FC04550E8831}.Debug|Any CPU.Build.0 = Debug|Any CPU
		{34DB4606-DD49-43FF-B81E-FC04550E8831}.Debug|x64.ActiveCfg = Debug|Any CPU
		{34DB4606-DD49-43FF-B81E-FC04550E8831}.Debug|x64.Build.0 = Debug|Any CPU
		{34DB4606-DD49-43FF-B81E-FC04550E8831}.Debug|x86.ActiveCfg = Debug|Any CPU
		{34DB4606-DD49-43FF-B81E-FC04550E8831}.Debug|x86.Build.0 = Debug|Any CPU
		{34DB4606-DD49-43FF-B81E-FC04550E8831}.Release|Any CPU.ActiveCfg = Release|Any CPU
		{34DB4606-DD49-43FF-B81E-FC04550E8831}.Release|Any CPU.Build.0 = Release|Any CPU
		{34DB4606-DD49-43FF-B81E-FC04550E8831}.Release|x64.ActiveCfg = Release|Any CPU
		{34DB4606-DD49-43FF-B81E-FC04550E8831}.Release|x64.Build.0 = Release|Any CPU
		{34DB4606-DD49-43FF-B81E-FC04550E8831}.Release|x86.ActiveCfg = Release|Any CPU
		{34DB4606-DD49-43FF-B81E-FC04550E8831}.Release|x86.Build.0 = Release|Any CPU
		{DB4EEE0A-B432-4C2C-87B3-0484C891BD33}.Debug|Any CPU.ActiveCfg = Debug|Any CPU
		{DB4EEE0A-B432-4C2C-87B3-0484C891BD33}.Debug|Any CPU.Build.0 = Debug|Any CPU
		{DB4EEE0A-B432-4C2C-87B3-0484C891BD33}.Debug|x64.ActiveCfg = Debug|Any CPU
		{DB4EEE0A-B432-4C2C-87B3-0484C891BD33}.Debug|x64.Build.0 = Debug|Any CPU
		{DB4EEE0A-B432-4C2C-87B3-0484C891BD33}.Debug|x86.ActiveCfg = Debug|Any CPU
		{DB4EEE0A-B432-4C2C-87B3-0484C891BD33}.Debug|x86.Build.0 = Debug|Any CPU
		{DB4EEE0A-B432-4C2C-87B3-0484C891BD33}.Release|Any CPU.ActiveCfg = Release|Any CPU
		{DB4EEE0A-B432-4C2C-87B3-0484C891BD33}.Release|Any CPU.Build.0 = Release|Any CPU
		{DB4EEE0A-B432-4C2C-87B3-0484C891BD33}.Release|x64.ActiveCfg = Release|Any CPU
		{DB4EEE0A-B432-4C2C-87B3-0484C891BD33}.Release|x64.Build.0 = Release|Any CPU
		{DB4EEE0A-B432-4C2C-87B3-0484C891BD33}.Release|x86.ActiveCfg = Release|Any CPU
		{DB4EEE0A-B432-4C2C-87B3-0484C891BD33}.Release|x86.Build.0 = Release|Any CPU
		{84E6C1AC-3975-4335-8BCB-C7BE425179C9}.Debug|Any CPU.ActiveCfg = Debug|Any CPU
		{84E6C1AC-3975-4335-8BCB-C7BE425179C9}.Debug|Any CPU.Build.0 = Debug|Any CPU
		{84E6C1AC-3975-4335-8BCB-C7BE425179C9}.Debug|x64.ActiveCfg = Debug|Any CPU
		{84E6C1AC-3975-4335-8BCB-C7BE425179C9}.Debug|x64.Build.0 = Debug|Any CPU
		{84E6C1AC-3975-4335-8BCB-C7BE425179C9}.Debug|x86.ActiveCfg = Debug|Any CPU
		{84E6C1AC-3975-4335-8BCB-C7BE425179C9}.Debug|x86.Build.0 = Debug|Any CPU
		{84E6C1AC-3975-4335-8BCB-C7BE425179C9}.Release|Any CPU.ActiveCfg = Release|Any CPU
		{84E6C1AC-3975-4335-8BCB-C7BE425179C9}.Release|Any CPU.Build.0 = Release|Any CPU
		{84E6C1AC-3975-4335-8BCB-C7BE425179C9}.Release|x64.ActiveCfg = Release|Any CPU
		{84E6C1AC-3975-4335-8BCB-C7BE425179C9}.Release|x64.Build.0 = Release|Any CPU
		{84E6C1AC-3975-4335-8BCB-C7BE425179C9}.Release|x86.ActiveCfg = Release|Any CPU
		{84E6C1AC-3975-4335-8BCB-C7BE425179C9}.Release|x86.Build.0 = Release|Any CPU
		{90D156B1-0ADB-484E-BDCF-9ECD55F1F65C}.Debug|Any CPU.ActiveCfg = Debug|Any CPU
		{90D156B1-0ADB-484E-BDCF-9ECD55F1F65C}.Debug|Any CPU.Build.0 = Debug|Any CPU
		{90D156B1-0ADB-484E-BDCF-9ECD55F1F65C}.Debug|x64.ActiveCfg = Debug|Any CPU
		{90D156B1-0ADB-484E-BDCF-9ECD55F1F65C}.Debug|x64.Build.0 = Debug|Any CPU
		{90D156B1-0ADB-484E-BDCF-9ECD55F1F65C}.Debug|x86.ActiveCfg = Debug|Any CPU
		{90D156B1-0ADB-484E-BDCF-9ECD55F1F65C}.Debug|x86.Build.0 = Debug|Any CPU
		{90D156B1-0ADB-484E-BDCF-9ECD55F1F65C}.Release|Any CPU.ActiveCfg = Release|Any CPU
		{90D156B1-0ADB-484E-BDCF-9ECD55F1F65C}.Release|Any CPU.Build.0 = Release|Any CPU
		{90D156B1-0ADB-484E-BDCF-9ECD55F1F65C}.Release|x64.ActiveCfg = Release|Any CPU
		{90D156B1-0ADB-484E-BDCF-9ECD55F1F65C}.Release|x64.Build.0 = Release|Any CPU
		{90D156B1-0ADB-484E-BDCF-9ECD55F1F65C}.Release|x86.ActiveCfg = Release|Any CPU
		{90D156B1-0ADB-484E-BDCF-9ECD55F1F65C}.Release|x86.Build.0 = Release|Any CPU
		{D6FDD91B-3BE9-4235-89A4-5C6E2C1FCBF7}.Debug|Any CPU.ActiveCfg = Debug|Any CPU
		{D6FDD91B-3BE9-4235-89A4-5C6E2C1FCBF7}.Debug|Any CPU.Build.0 = Debug|Any CPU
		{D6FDD91B-3BE9-4235-89A4-5C6E2C1FCBF7}.Debug|x64.ActiveCfg = Debug|Any CPU
		{D6FDD91B-3BE9-4235-89A4-5C6E2C1FCBF7}.Debug|x64.Build.0 = Debug|Any CPU
		{D6FDD91B-3BE9-4235-89A4-5C6E2C1FCBF7}.Debug|x86.ActiveCfg = Debug|Any CPU
		{D6FDD91B-3BE9-4235-89A4-5C6E2C1FCBF7}.Debug|x86.Build.0 = Debug|Any CPU
		{D6FDD91B-3BE9-4235-89A4-5C6E2C1FCBF7}.Release|Any CPU.ActiveCfg = Release|Any CPU
		{D6FDD91B-3BE9-4235-89A4-5C6E2C1FCBF7}.Release|Any CPU.Build.0 = Release|Any CPU
		{D6FDD91B-3BE9-4235-89A4-5C6E2C1FCBF7}.Release|x64.ActiveCfg = Release|Any CPU
		{D6FDD91B-3BE9-4235-89A4-5C6E2C1FCBF7}.Release|x64.Build.0 = Release|Any CPU
		{D6FDD91B-3BE9-4235-89A4-5C6E2C1FCBF7}.Release|x86.ActiveCfg = Release|Any CPU
		{D6FDD91B-3BE9-4235-89A4-5C6E2C1FCBF7}.Release|x86.Build.0 = Release|Any CPU
		{521FF896-E307-4748-910D-2811D24F794E}.Debug|Any CPU.ActiveCfg = Debug|Any CPU
		{521FF896-E307-4748-910D-2811D24F794E}.Debug|Any CPU.Build.0 = Debug|Any CPU
		{521FF896-E307-4748-910D-2811D24F794E}.Debug|x64.ActiveCfg = Debug|Any CPU
		{521FF896-E307-4748-910D-2811D24F794E}.Debug|x64.Build.0 = Debug|Any CPU
		{521FF896-E307-4748-910D-2811D24F794E}.Debug|x86.ActiveCfg = Debug|Any CPU
		{521FF896-E307-4748-910D-2811D24F794E}.Debug|x86.Build.0 = Debug|Any CPU
		{521FF896-E307-4748-910D-2811D24F794E}.Release|Any CPU.ActiveCfg = Release|Any CPU
		{521FF896-E307-4748-910D-2811D24F794E}.Release|Any CPU.Build.0 = Release|Any CPU
		{521FF896-E307-4748-910D-2811D24F794E}.Release|x64.ActiveCfg = Release|Any CPU
		{521FF896-E307-4748-910D-2811D24F794E}.Release|x64.Build.0 = Release|Any CPU
		{521FF896-E307-4748-910D-2811D24F794E}.Release|x86.ActiveCfg = Release|Any CPU
		{521FF896-E307-4748-910D-2811D24F794E}.Release|x86.Build.0 = Release|Any CPU
		{6582D427-E9A5-4954-A6C4-F46FF43741AA}.Debug|Any CPU.ActiveCfg = Debug|Any CPU
		{6582D427-E9A5-4954-A6C4-F46FF43741AA}.Debug|Any CPU.Build.0 = Debug|Any CPU
		{6582D427-E9A5-4954-A6C4-F46FF43741AA}.Debug|x64.ActiveCfg = Debug|Any CPU
		{6582D427-E9A5-4954-A6C4-F46FF43741AA}.Debug|x64.Build.0 = Debug|Any CPU
		{6582D427-E9A5-4954-A6C4-F46FF43741AA}.Debug|x86.ActiveCfg = Debug|Any CPU
		{6582D427-E9A5-4954-A6C4-F46FF43741AA}.Debug|x86.Build.0 = Debug|Any CPU
		{6582D427-E9A5-4954-A6C4-F46FF43741AA}.Release|Any CPU.ActiveCfg = Release|Any CPU
		{6582D427-E9A5-4954-A6C4-F46FF43741AA}.Release|Any CPU.Build.0 = Release|Any CPU
		{6582D427-E9A5-4954-A6C4-F46FF43741AA}.Release|x64.ActiveCfg = Release|Any CPU
		{6582D427-E9A5-4954-A6C4-F46FF43741AA}.Release|x64.Build.0 = Release|Any CPU
		{6582D427-E9A5-4954-A6C4-F46FF43741AA}.Release|x86.ActiveCfg = Release|Any CPU
		{6582D427-E9A5-4954-A6C4-F46FF43741AA}.Release|x86.Build.0 = Release|Any CPU
	EndGlobalSection
	GlobalSection(SolutionProperties) = preSolution
		HideSolutionNode = FALSE
	EndGlobalSection
	GlobalSection(NestedProjects) = preSolution
		{57097D14-4B12-4B08-8D94-B46EA1D66058} = {827E0CD3-B72D-47B6-A68D-7590B98EB39B}
		{322B1EEB-EB87-44EB-A370-3B018AE27E21} = {827E0CD3-B72D-47B6-A68D-7590B98EB39B}
		{1E3BBD16-95B5-465B-BAE5-17434758DE5B} = {827E0CD3-B72D-47B6-A68D-7590B98EB39B}
		{9DFB1566-4D3E-40A1-8930-D8E7C83DD0DF} = {827E0CD3-B72D-47B6-A68D-7590B98EB39B}
		{CF3FD2EF-37B3-4C6A-A848-C62A3E655711} = {827E0CD3-B72D-47B6-A68D-7590B98EB39B}
		{2A998D2F-BA16-4752-B7D4-29FD81504B50} = {827E0CD3-B72D-47B6-A68D-7590B98EB39B}
		{CB9148CA-0A5F-41EF-AB80-05AB6511ED8A} = {827E0CD3-B72D-47B6-A68D-7590B98EB39B}
		{58EAB2D8-53CC-4B7D-963E-38A513CBAAC8} = {827E0CD3-B72D-47B6-A68D-7590B98EB39B}
		{231DEB1E-57AD-47EA-89D1-79BF48C2D4F4} = {827E0CD3-B72D-47B6-A68D-7590B98EB39B}
		{CD765E2E-11A9-4C7D-9743-59C2CD1B0B24} = {827E0CD3-B72D-47B6-A68D-7590B98EB39B}
		{FED0D468-D490-48C5-B95A-E6FA82ECB8CA} = {827E0CD3-B72D-47B6-A68D-7590B98EB39B}
		{6E4DB168-A4BB-4FC6-A2A3-0E07B5E7D1B3} = {827E0CD3-B72D-47B6-A68D-7590B98EB39B}
		{A01D4144-008C-46BB-A6D2-28779C59CC18} = {827E0CD3-B72D-47B6-A68D-7590B98EB39B}
		{05366CD6-19E3-48DE-B3E6-A6B83CDBE191} = {827E0CD3-B72D-47B6-A68D-7590B98EB39B}
		{F6ADB312-914F-48C0-A097-57757B858E99} = {827E0CD3-B72D-47B6-A68D-7590B98EB39B}
		{832FF076-AC32-4EEB-AA05-236230D03EFD} = {827E0CD3-B72D-47B6-A68D-7590B98EB39B}
		{CA675789-DAFE-457E-A81A-631F8005C3EE} = {827E0CD3-B72D-47B6-A68D-7590B98EB39B}
		{4392694A-1C26-4EAB-9331-7CAD9978391B} = {827E0CD3-B72D-47B6-A68D-7590B98EB39B}
		{C1ABD8CE-D2DF-4218-951B-B8C62DF764E4} = {827E0CD3-B72D-47B6-A68D-7590B98EB39B}
		{30736C9A-9A84-4ACF-A9EB-7BEE9BA1E60B} = {0AB3BF05-4346-4AA6-1389-037BE0695223}
		{FC5C023D-10B4-4094-86A6-328E37265AC6} = {0AB3BF05-4346-4AA6-1389-037BE0695223}
		{ECB8D2CD-2683-42DF-BD2B-7EA8FA642543} = {0AB3BF05-4346-4AA6-1389-037BE0695223}
		{72F571A9-5688-4C7C-81F0-E2063A71110F} = {0AB3BF05-4346-4AA6-1389-037BE0695223}
		{714B288C-06B0-43EF-BB22-3D147A299369} = {0AB3BF05-4346-4AA6-1389-037BE0695223}
		{4E30DF0F-6347-473B-AD65-ED586FED4ECC} = {0AB3BF05-4346-4AA6-1389-037BE0695223}
		{98E83531-2617-4C3A-BD6D-6853551303AC} = {0AB3BF05-4346-4AA6-1389-037BE0695223}
		{0563441D-1F66-401E-A809-BE615596583E} = {0AB3BF05-4346-4AA6-1389-037BE0695223}
		{C05A89C3-3ECA-409F-A4BF-CA3B9A6352AF} = {0AB3BF05-4346-4AA6-1389-037BE0695223}
		{38CB3D87-4B03-4C48-8290-EE764D6B3DE7} = {0AB3BF05-4346-4AA6-1389-037BE0695223}
		{34DB4606-DD49-43FF-B81E-FC04550E8831} = {0AB3BF05-4346-4AA6-1389-037BE0695223}
		{DB4EEE0A-B432-4C2C-87B3-0484C891BD33} = {827E0CD3-B72D-47B6-A68D-7590B98EB39B}
		{84E6C1AC-3975-4335-8BCB-C7BE425179C9} = {0AB3BF05-4346-4AA6-1389-037BE0695223}
		{90D156B1-0ADB-484E-BDCF-9ECD55F1F65C} = {0AB3BF05-4346-4AA6-1389-037BE0695223}
		{D6FDD91B-3BE9-4235-89A4-5C6E2C1FCBF7} = {0AB3BF05-4346-4AA6-1389-037BE0695223}
		{521FF896-E307-4748-910D-2811D24F794E} = {0AB3BF05-4346-4AA6-1389-037BE0695223}
		{6582D427-E9A5-4954-A6C4-F46FF43741AA} = {0AB3BF05-4346-4AA6-1389-037BE0695223}
	EndGlobalSection
EndGlobal
